
Microsoft Visual Studio Solution File, Format Version 12.00
# Visual Studio Version 16
VisualStudioVersion = 16.0.29509.3
MinimumVisualStudioVersion = 10.0.40219.1
Project("{9A19103F-16F7-4668-BE54-9A1E7A4F7556}") = "back", "back.csproj", "{8B71A0FF-3F0B-4E54-AEC5-AA6B30403E4D}"
EndProject
Global
	GlobalSection(SolutionConfigurationPlatforms) = preSolution
		Debug|Any CPU = Debug|Any CPU
		Release|Any CPU = Release|Any CPU
	EndGlobalSection
	GlobalSection(ProjectConfigurationPlatforms) = postSolution
		{8B71A0FF-3F0B-4E54-AEC5-AA6B30403E4D}.Debug|Any CPU.ActiveCfg = Debug|Any CPU
		{8B71A0FF-3F0B-4E54-AEC5-AA6B30403E4D}.Debug|Any CPU.Build.0 = Debug|Any CPU
		{8B71A0FF-3F0B-4E54-AEC5-AA6B30403E4D}.Release|Any CPU.ActiveCfg = Release|Any CPU
		{8B71A0FF-3F0B-4E54-AEC5-AA6B30403E4D}.Release|Any CPU.Build.0 = Release|Any CPU
	EndGlobalSection
	GlobalSection(SolutionProperties) = preSolution
		HideSolutionNode = FALSE
	EndGlobalSection
	GlobalSection(ExtensibilityGlobals) = postSolution
		SolutionGuid = {95E86BC7-4E1A-4A1E-92B9-E7AFAAF110FA}
	EndGlobalSection
EndGlobal
